
Microsoft Visual Studio Solution File, Format Version 12.00
# Visual Studio 15
VisualStudioVersion = 15.0.28307.1169
MinimumVisualStudioVersion = 10.0.40219.1
Project("{FAE04EC0-301F-11D3-BF4B-00C04F79EFBC}") = "Dwg.Ndp.Game", "Dwg.Ndp.Game\Dwg.Ndp.Game.csproj", "{8440D030-02FA-4CB5-86A6-692A8467D11A}"
EndProject
Project("{2150E333-8FDC-42A3-9474-1A3956D46DE8}") = "Dwg.Ndp.Dll", "Dwg.Ndp.Dll", "{572E3AE7-491C-4F18-8201-251CC4111F82}"
EndProject
Project("{FAE04EC0-301F-11D3-BF4B-00C04F79EFBC}") = "Dwg.Ndp.Data.Games", "Dwg.Ndp.Data.Games\Dwg.Ndp.Data.Games.csproj", "{9CFC9B8B-CA0B-4569-9C69-F600C7564BEC}"
EndProject
Project("{2150E333-8FDC-42A3-9474-1A3956D46DE8}") = "Dwg.Ndp.AI.Dll", "Dwg.Ndp.AI.Dll", "{D47C8EC4-D622-4A9B-951C-CBB08E0B322D}"
EndProject
Project("{FAE04EC0-301F-11D3-BF4B-00C04F79EFBC}") = "Dwg.Ndp.Person", "Dwg.Ndp.Person\Dwg.Ndp.Person.csproj", "{52D8C37C-FCB4-4A2D-B6E0-BA0F8C5D0F87}"
EndProject
Project("{FAE04EC0-301F-11D3-BF4B-00C04F79EFBC}") = "Dwg.Ndp.Game.Char", "Dwg.Ndp.Game.Char\Dwg.Ndp.Game.Char.csproj", "{1ECD5096-339E-43D2-9D0F-294DECAEFBFF}"
EndProject
Global
	GlobalSection(SolutionConfigurationPlatforms) = preSolution
		Debug|Any CPU = Debug|Any CPU
		Release|Any CPU = Release|Any CPU
	EndGlobalSection
	GlobalSection(ProjectConfigurationPlatforms) = postSolution
		{8440D030-02FA-4CB5-86A6-692A8467D11A}.Debug|Any CPU.ActiveCfg = Debug|Any CPU
		{8440D030-02FA-4CB5-86A6-692A8467D11A}.Debug|Any CPU.Build.0 = Debug|Any CPU
		{8440D030-02FA-4CB5-86A6-692A8467D11A}.Release|Any CPU.ActiveCfg = Release|Any CPU
		{8440D030-02FA-4CB5-86A6-692A8467D11A}.Release|Any CPU.Build.0 = Release|Any CPU
		{9CFC9B8B-CA0B-4569-9C69-F600C7564BEC}.Debug|Any CPU.ActiveCfg = Debug|Any CPU
		{9CFC9B8B-CA0B-4569-9C69-F600C7564BEC}.Debug|Any CPU.Build.0 = Debug|Any CPU
		{9CFC9B8B-CA0B-4569-9C69-F600C7564BEC}.Release|Any CPU.ActiveCfg = Release|Any CPU
		{9CFC9B8B-CA0B-4569-9C69-F600C7564BEC}.Release|Any CPU.Build.0 = Release|Any CPU
		{52D8C37C-FCB4-4A2D-B6E0-BA0F8C5D0F87}.Debug|Any CPU.ActiveCfg = Debug|Any CPU
		{52D8C37C-FCB4-4A2D-B6E0-BA0F8C5D0F87}.Debug|Any CPU.Build.0 = Debug|Any CPU
		{52D8C37C-FCB4-4A2D-B6E0-BA0F8C5D0F87}.Release|Any CPU.ActiveCfg = Release|Any CPU
		{52D8C37C-FCB4-4A2D-B6E0-BA0F8C5D0F87}.Release|Any CPU.Build.0 = Release|Any CPU
		{1ECD5096-339E-43D2-9D0F-294DECAEFBFF}.Debug|Any CPU.ActiveCfg = Debug|Any CPU
		{1ECD5096-339E-43D2-9D0F-294DECAEFBFF}.Debug|Any CPU.Build.0 = Debug|Any CPU
		{1ECD5096-339E-43D2-9D0F-294DECAEFBFF}.Release|Any CPU.ActiveCfg = Release|Any CPU
		{1ECD5096-339E-43D2-9D0F-294DECAEFBFF}.Release|Any CPU.Build.0 = Release|Any CPU
	EndGlobalSection
	GlobalSection(SolutionProperties) = preSolution
		HideSolutionNode = FALSE
	EndGlobalSection
	GlobalSection(NestedProjects) = preSolution
		{9CFC9B8B-CA0B-4569-9C69-F600C7564BEC} = {572E3AE7-491C-4F18-8201-251CC4111F82}
		{52D8C37C-FCB4-4A2D-B6E0-BA0F8C5D0F87} = {572E3AE7-491C-4F18-8201-251CC4111F82}
		{1ECD5096-339E-43D2-9D0F-294DECAEFBFF} = {572E3AE7-491C-4F18-8201-251CC4111F82}
	EndGlobalSection
	GlobalSection(ExtensibilityGlobals) = postSolution
		SolutionGuid = {F5246C8C-922D-44D6-BF78-6F81249B2465}
	EndGlobalSection
EndGlobal
